// !$*UTF8*$!
{
	archiveVersion = 1;
	classes = {
	};
	objectVersion = 56;
	objects = {

/* Begin PBXBuildFile section */
		17943F9B291A209900100A0C /* AppDelegate.swift in Sources */ = {isa = PBXBuildFile; fileRef = 17943F9A291A209900100A0C /* AppDelegate.swift */; };
		17943F9F291A209900100A0C /* ViewController.swift in Sources */ = {isa = PBXBuildFile; fileRef = 17943F9E291A209900100A0C /* ViewController.swift */; };
		17943FA4291A209A00100A0C /* Assets.xcassets in Resources */ = {isa = PBXBuildFile; fileRef = 17943FA3291A209A00100A0C /* Assets.xcassets */; };
		17943FA7291A209A00100A0C /* LaunchScreen.storyboard in Resources */ = {isa = PBXBuildFile; fileRef = 17943FA5291A209A00100A0C /* LaunchScreen.storyboard */; };
		17943FB0291A2B7000100A0C /* RxCocoa in Frameworks */ = {isa = PBXBuildFile; productRef = 17943FAF291A2B7000100A0C /* RxCocoa */; };
		17943FB2291A2B7000100A0C /* RxRelay in Frameworks */ = {isa = PBXBuildFile; productRef = 17943FB1291A2B7000100A0C /* RxRelay */; };
		17943FB4291A2B7000100A0C /* RxSwift in Frameworks */ = {isa = PBXBuildFile; productRef = 17943FB3291A2B7000100A0C /* RxSwift */; };
		17943FB7291A2BA200100A0C /* RxDataSources in Frameworks */ = {isa = PBXBuildFile; productRef = 17943FB6291A2BA200100A0C /* RxDataSources */; };
		17943FB9291A2EB800100A0C /* Post.swift in Sources */ = {isa = PBXBuildFile; fileRef = 17943FB8291A2EB800100A0C /* Post.swift */; };
		17943FBB291A31C500100A0C /* SingleSectionModel.swift in Sources */ = {isa = PBXBuildFile; fileRef = 17943FBA291A31C500100A0C /* SingleSectionModel.swift */; };
		17943FBD291A375D00100A0C /* ViewModel.swift in Sources */ = {isa = PBXBuildFile; fileRef = 17943FBC291A375D00100A0C /* ViewModel.swift */; };
		17943FBF291A394200100A0C /* LoadingStateCell.swift in Sources */ = {isa = PBXBuildFile; fileRef = 17943FBE291A394200100A0C /* LoadingStateCell.swift */; };
		17943FC1291A453300100A0C /* LoadedStateCell.swift in Sources */ = {isa = PBXBuildFile; fileRef = 17943FC0291A453300100A0C /* LoadedStateCell.swift */; };
/* End PBXBuildFile section */

/* Begin PBXFileReference section */
		17943F97291A209900100A0C /* RxDataSourcesIdentifiableType.app */ = {isa = PBXFileReference; explicitFileType = wrapper.application; includeInIndex = 0; path = RxDataSourcesIdentifiableType.app; sourceTree = BUILT_PRODUCTS_DIR; };
		17943F9A291A209900100A0C /* AppDelegate.swift */ = {isa = PBXFileReference; lastKnownFileType = sourcecode.swift; path = AppDelegate.swift; sourceTree = "<group>"; };
		17943F9E291A209900100A0C /* ViewController.swift */ = {isa = PBXFileReference; lastKnownFileType = sourcecode.swift; path = ViewController.swift; sourceTree = "<group>"; };
		17943FA3291A209A00100A0C /* Assets.xcassets */ = {isa = PBXFileReference; lastKnownFileType = folder.assetcatalog; path = Assets.xcassets; sourceTree = "<group>"; };
		17943FA6291A209A00100A0C /* Base */ = {isa = PBXFileReference; lastKnownFileType = file.storyboard; name = Base; path = Base.lproj/LaunchScreen.storyboard; sourceTree = "<group>"; };
		17943FA8291A209A00100A0C /* Info.plist */ = {isa = PBXFileReference; lastKnownFileType = text.plist.xml; path = Info.plist; sourceTree = "<group>"; };
		17943FB8291A2EB800100A0C /* Post.swift */ = {isa = PBXFileReference; lastKnownFileType = sourcecode.swift; path = Post.swift; sourceTree = "<group>"; };
		17943FBA291A31C500100A0C /* SingleSectionModel.swift */ = {isa = PBXFileReference; lastKnownFileType = sourcecode.swift; path = SingleSectionModel.swift; sourceTree = "<group>"; };
		17943FBC291A375D00100A0C /* ViewModel.swift */ = {isa = PBXFileReference; lastKnownFileType = sourcecode.swift; path = ViewModel.swift; sourceTree = "<group>"; };
		17943FBE291A394200100A0C /* LoadingStateCell.swift */ = {isa = PBXFileReference; lastKnownFileType = sourcecode.swift; path = LoadingStateCell.swift; sourceTree = "<group>"; };
		17943FC0291A453300100A0C /* LoadedStateCell.swift */ = {isa = PBXFileReference; lastKnownFileType = sourcecode.swift; path = LoadedStateCell.swift; sourceTree = "<group>"; };
/* End PBXFileReference section */

/* Begin PBXFrameworksBuildPhase section */
		17943F94291A209900100A0C /* Frameworks */ = {
			isa = PBXFrameworksBuildPhase;
			buildActionMask = 2147483647;
			files = (
				17943FB4291A2B7000100A0C /* RxSwift in Frameworks */,
				17943FB7291A2BA200100A0C /* RxDataSources in Frameworks */,
				17943FB2291A2B7000100A0C /* RxRelay in Frameworks */,
				17943FB0291A2B7000100A0C /* RxCocoa in Frameworks */,
			);
			runOnlyForDeploymentPostprocessing = 0;
		};
/* End PBXFrameworksBuildPhase section */

/* Begin PBXGroup section */
		17943F8E291A209900100A0C = {
			isa = PBXGroup;
			children = (
				17943F99291A209900100A0C /* RxDataSourcesIdentifiableType */,
				17943F98291A209900100A0C /* Products */,
			);
			sourceTree = "<group>";
		};
		17943F98291A209900100A0C /* Products */ = {
			isa = PBXGroup;
			children = (
				17943F97291A209900100A0C /* RxDataSourcesIdentifiableType.app */,
			);
			name = Products;
			sourceTree = "<group>";
		};
		17943F99291A209900100A0C /* RxDataSourcesIdentifiableType */ = {
			isa = PBXGroup;
			children = (
				17943F9A291A209900100A0C /* AppDelegate.swift */,
				17943FC0291A453300100A0C /* LoadedStateCell.swift */,
				17943FBE291A394200100A0C /* LoadingStateCell.swift */,
				17943FB8291A2EB800100A0C /* Post.swift */,
				17943FBA291A31C500100A0C /* SingleSectionModel.swift */,
				17943F9E291A209900100A0C /* ViewController.swift */,
				17943FBC291A375D00100A0C /* ViewModel.swift */,
				17943FA3291A209A00100A0C /* Assets.xcassets */,
				17943FA5291A209A00100A0C /* LaunchScreen.storyboard */,
				17943FA8291A209A00100A0C /* Info.plist */,
			);
			path = RxDataSourcesIdentifiableType;
			sourceTree = "<group>";
		};
/* End PBXGroup section */

/* Begin PBXNativeTarget section */
		17943F96291A209900100A0C /* RxDataSourcesIdentifiableType */ = {
			isa = PBXNativeTarget;
			buildConfigurationList = 17943FAB291A209A00100A0C /* Build configuration list for PBXNativeTarget "RxDataSourcesIdentifiableType" */;
			buildPhases = (
				17943F93291A209900100A0C /* Sources */,
				17943F94291A209900100A0C /* Frameworks */,
				17943F95291A209900100A0C /* Resources */,
			);
			buildRules = (
			);
			dependencies = (
			);
			name = RxDataSourcesIdentifiableType;
			packageProductDependencies = (
				17943FAF291A2B7000100A0C /* RxCocoa */,
				17943FB1291A2B7000100A0C /* RxRelay */,
				17943FB3291A2B7000100A0C /* RxSwift */,
				17943FB6291A2BA200100A0C /* RxDataSources */,
			);
			productName = RxDataSourcesIdentifiableType;
			productReference = 17943F97291A209900100A0C /* RxDataSourcesIdentifiableType.app */;
			productType = "com.apple.product-type.application";
		};
/* End PBXNativeTarget section */

/* Begin PBXProject section */
		17943F8F291A209900100A0C /* Project object */ = {
			isa = PBXProject;
			attributes = {
				BuildIndependentTargetsInParallel = 1;
				LastSwiftUpdateCheck = 1410;
				LastUpgradeCheck = 1410;
				TargetAttributes = {
					17943F96291A209900100A0C = {
						CreatedOnToolsVersion = 14.1;
					};
				};
			};
			buildConfigurationList = 17943F92291A209900100A0C /* Build configuration list for PBXProject "RxDataSourcesIdentifiableType" */;
			compatibilityVersion = "Xcode 14.0";
			developmentRegion = en;
			hasScannedForEncodings = 0;
			knownRegions = (
				en,
				Base,
			);
			mainGroup = 17943F8E291A209900100A0C;
			packageReferences = (
				17943FAE291A2B7000100A0C /* XCRemoteSwiftPackageReference "RxSwift" */,
				17943FB5291A2BA200100A0C /* XCRemoteSwiftPackageReference "RxDataSources" */,
			);
			productRefGroup = 17943F98291A209900100A0C /* Products */;
			projectDirPath = "";
			projectRoot = "";
			targets = (
				17943F96291A209900100A0C /* RxDataSourcesIdentifiableType */,
			);
		};
/* End PBXProject section */

/* Begin PBXResourcesBuildPhase section */
		17943F95291A209900100A0C /* Resources */ = {
			isa = PBXResourcesBuildPhase;
			buildActionMask = 2147483647;
			files = (
				17943FA7291A209A00100A0C /* LaunchScreen.storyboard in Resources */,
				17943FA4291A209A00100A0C /* Assets.xcassets in Resources */,
			);
			runOnlyForDeploymentPostprocessing = 0;
		};
/* End PBXResourcesBuildPhase section */

/* Begin PBXSourcesBuildPhase section */
		17943F93291A209900100A0C /* Sources */ = {
			isa = PBXSourcesBuildPhase;
			buildActionMask = 2147483647;
			files = (
				17943FBF291A394200100A0C /* LoadingStateCell.swift in Sources */,
				17943FBD291A375D00100A0C /* ViewModel.swift in Sources */,
				17943FB9291A2EB800100A0C /* Post.swift in Sources */,
				17943F9F291A209900100A0C /* ViewController.swift in Sources */,
				17943F9B291A209900100A0C /* AppDelegate.swift in Sources */,
				17943FBB291A31C500100A0C /* SingleSectionModel.swift in Sources */,
				17943FC1291A453300100A0C /* LoadedStateCell.swift in Sources */,
			);
			runOnlyForDeploymentPostprocessing = 0;
		};
/* End PBXSourcesBuildPhase section */

/* Begin PBXVariantGroup section */
		17943FA5291A209A00100A0C /* LaunchScreen.storyboard */ = {
			isa = PBXVariantGroup;
			children = (
				17943FA6291A209A00100A0C /* Base */,
			);
			name = LaunchScreen.storyboard;
			sourceTree = "<group>";
		};
/* End PBXVariantGroup section */

/* Begin XCBuildConfiguration section */
		17943FA9291A209A00100A0C /* Debug */ = {
			isa = XCBuildConfiguration;
			buildSettings = {
				ALWAYS_SEARCH_USER_PATHS = NO;
				CLANG_ANALYZER_NONNULL = YES;
				CLANG_ANALYZER_NUMBER_OBJECT_CONVERSION = YES_AGGRESSIVE;
				CLANG_CXX_LANGUAGE_STANDARD = "gnu++20";
				CLANG_ENABLE_MODULES = YES;
				CLANG_ENABLE_OBJC_ARC = YES;
				CLANG_ENABLE_OBJC_WEAK = YES;
				CLANG_WARN_BLOCK_CAPTURE_AUTORELEASING = YES;
				CLANG_WARN_BOOL_CONVERSION = YES;
				CLANG_WARN_COMMA = YES;
				CLANG_WARN_CONSTANT_CONVERSION = YES;
				CLANG_WARN_DEPRECATED_OBJC_IMPLEMENTATIONS = YES;
				CLANG_WARN_DIRECT_OBJC_ISA_USAGE = YES_ERROR;
				CLANG_WARN_DOCUMENTATION_COMMENTS = YES;
				CLANG_WARN_EMPTY_BODY = YES;
				CLANG_WARN_ENUM_CONVERSION = YES;
				CLANG_WARN_INFINITE_RECURSION = YES;
				CLANG_WARN_INT_CONVERSION = YES;
				CLANG_WARN_NON_LITERAL_NULL_CONVERSION = YES;
				CLANG_WARN_OBJC_IMPLICIT_RETAIN_SELF = YES;
				CLANG_WARN_OBJC_LITERAL_CONVERSION = YES;
				CLANG_WARN_OBJC_ROOT_CLASS = YES_ERROR;
				CLANG_WARN_QUOTED_INCLUDE_IN_FRAMEWORK_HEADER = YES;
				CLANG_WARN_RANGE_LOOP_ANALYSIS = YES;
				CLANG_WARN_STRICT_PROTOTYPES = YES;
				CLANG_WARN_SUSPICIOUS_MOVE = YES;
				CLANG_WARN_UNGUARDED_AVAILABILITY = YES_AGGRESSIVE;
				CLANG_WARN_UNREACHABLE_CODE = YES;
				CLANG_WARN__DUPLICATE_METHOD_MATCH = YES;
				COPY_PHASE_STRIP = NO;
				DEBUG_INFORMATION_FORMAT = dwarf;
				ENABLE_STRICT_OBJC_MSGSEND = YES;
				ENABLE_TESTABILITY = YES;
				GCC_C_LANGUAGE_STANDARD = gnu11;
				GCC_DYNAMIC_NO_PIC = NO;
				GCC_NO_COMMON_BLOCKS = YES;
				GCC_OPTIMIZATION_LEVEL = 0;
				GCC_PREPROCESSOR_DEFINITIONS = (
					"DEBUG=1",
					"$(inherited)",
				);
				GCC_WARN_64_TO_32_BIT_CONVERSION = YES;
				GCC_WARN_ABOUT_RETURN_TYPE = YES_ERROR;
				GCC_WARN_UNDECLARED_SELECTOR = YES;
				GCC_WARN_UNINITIALIZED_AUTOS = YES_AGGRESSIVE;
				GCC_WARN_UNUSED_FUNCTION = YES;
				GCC_WARN_UNUSED_VARIABLE = YES;
				IPHONEOS_DEPLOYMENT_TARGET = 16.1;
				MTL_ENABLE_DEBUG_INFO = INCLUDE_SOURCE;
				MTL_FAST_MATH = YES;
				ONLY_ACTIVE_ARCH = YES;
				SDKROOT = iphoneos;
				SWIFT_ACTIVE_COMPILATION_CONDITIONS = DEBUG;
				SWIFT_OPTIMIZATION_LEVEL = "-Onone";
			};
			name = Debug;
		};
		17943FAA291A209A00100A0C /* Release */ = {
			isa = XCBuildConfiguration;
			buildSettings = {
				ALWAYS_SEARCH_USER_PATHS = NO;
				CLANG_ANALYZER_NONNULL = YES;
				CLANG_ANALYZER_NUMBER_OBJECT_CONVERSION = YES_AGGRESSIVE;
				CLANG_CXX_LANGUAGE_STANDARD = "gnu++20";
				CLANG_ENABLE_MODULES = YES;
				CLANG_ENABLE_OBJC_ARC = YES;
				CLANG_ENABLE_OBJC_WEAK = YES;
				CLANG_WARN_BLOCK_CAPTURE_AUTORELEASING = YES;
				CLANG_WARN_BOOL_CONVERSION = YES;
				CLANG_WARN_COMMA = YES;
				CLANG_WARN_CONSTANT_CONVERSION = YES;
				CLANG_WARN_DEPRECATED_OBJC_IMPLEMENTATIONS = YES;
				CLANG_WARN_DIRECT_OBJC_ISA_USAGE = YES_ERROR;
				CLANG_WARN_DOCUMENTATION_COMMENTS = YES;
				CLANG_WARN_EMPTY_BODY = YES;
				CLANG_WARN_ENUM_CONVERSION = YES;
				CLANG_WARN_INFINITE_RECURSION = YES;
				CLANG_WARN_INT_CONVERSION = YES;
				CLANG_WARN_NON_LITERAL_NULL_CONVERSION = YES;
				CLANG_WARN_OBJC_IMPLICIT_RETAIN_SELF = YES;
				CLANG_WARN_OBJC_LITERAL_CONVERSION = YES;
				CLANG_WARN_OBJC_ROOT_CLASS = YES_ERROR;
				CLANG_WARN_QUOTED_INCLUDE_IN_FRAMEWORK_HEADER = YES;
				CLANG_WARN_RANGE_LOOP_ANALYSIS = YES;
				CLANG_WARN_STRICT_PROTOTYPES = YES;
				CLANG_WARN_SUSPICIOUS_MOVE = YES;
				CLANG_WARN_UNGUARDED_AVAILABILITY = YES_AGGRESSIVE;
				CLANG_WARN_UNREACHABLE_CODE = YES;
				CLANG_WARN__DUPLICATE_METHOD_MATCH = YES;
				COPY_PHASE_STRIP = NO;
				DEBUG_INFORMATION_FORMAT = "dwarf-with-dsym";
				ENABLE_NS_ASSERTIONS = NO;
				ENABLE_STRICT_OBJC_MSGSEND = YES;
				GCC_C_LANGUAGE_STANDARD = gnu11;
				GCC_NO_COMMON_BLOCKS = YES;
				GCC_WARN_64_TO_32_BIT_CONVERSION = YES;
				GCC_WARN_ABOUT_RETURN_TYPE = YES_ERROR;
				GCC_WARN_UNDECLARED_SELECTOR = YES;
				GCC_WARN_UNINITIALIZED_AUTOS = YES_AGGRESSIVE;
				GCC_WARN_UNUSED_FUNCTION = YES;
				GCC_WARN_UNUSED_VARIABLE = YES;
				IPHONEOS_DEPLOYMENT_TARGET = 16.1;
				MTL_ENABLE_DEBUG_INFO = NO;
				MTL_FAST_MATH = YES;
				SDKROOT = iphoneos;
				SWIFT_COMPILATION_MODE = wholemodule;
				SWIFT_OPTIMIZATION_LEVEL = "-O";
				VALIDATE_PRODUCT = YES;
			};
			name = Release;
		};
		17943FAC291A209A00100A0C /* Debug */ = {
			isa = XCBuildConfiguration;
			buildSettings = {
				ASSETCATALOG_COMPILER_APPICON_NAME = AppIcon;
				ASSETCATALOG_COMPILER_GLOBAL_ACCENT_COLOR_NAME = AccentColor;
				CODE_SIGN_STYLE = Automatic;
				CURRENT_PROJECT_VERSION = 1;
				DEVELOPMENT_TEAM = 65QBG7L2EW;
				GENERATE_INFOPLIST_FILE = YES;
				INFOPLIST_FILE = RxDataSourcesIdentifiableType/Info.plist;
				INFOPLIST_KEY_UIApplicationSupportsIndirectInputEvents = YES;
				INFOPLIST_KEY_UILaunchStoryboardName = LaunchScreen;
				INFOPLIST_KEY_UISupportedInterfaceOrientations_iPad = "UIInterfaceOrientationPortrait UIInterfaceOrientationPortraitUpsideDown UIInterfaceOrientationLandscapeLeft UIInterfaceOrientationLandscapeRight";
				INFOPLIST_KEY_UISupportedInterfaceOrientations_iPhone = "UIInterfaceOrientationPortrait UIInterfaceOrientationLandscapeLeft UIInterfaceOrientationLandscapeRight";
				LD_RUNPATH_SEARCH_PATHS = (
					"$(inherited)",
					"@executable_path/Frameworks",
				);
				MARKETING_VERSION = 1.0;
				PRODUCT_BUNDLE_IDENTIFIER = com.florianldt.RxDataSourcesIdentifiableType;
				PRODUCT_NAME = "$(TARGET_NAME)";
				SWIFT_EMIT_LOC_STRINGS = YES;
				SWIFT_VERSION = 5.0;
				TARGETED_DEVICE_FAMILY = "1,2";
			};
			name = Debug;
		};
		17943FAD291A209A00100A0C /* Release */ = {
			isa = XCBuildConfiguration;
			buildSettings = {
				ASSETCATALOG_COMPILER_APPICON_NAME = AppIcon;
				ASSETCATALOG_COMPILER_GLOBAL_ACCENT_COLOR_NAME = AccentColor;
				CODE_SIGN_STYLE = Automatic;
				CURRENT_PROJECT_VERSION = 1;
				DEVELOPMENT_TEAM = 65QBG7L2EW;
				GENERATE_INFOPLIST_FILE = YES;
				INFOPLIST_FILE = RxDataSourcesIdentifiableType/Info.plist;
				INFOPLIST_KEY_UIApplicationSupportsIndirectInputEvents = YES;
				INFOPLIST_KEY_UILaunchStoryboardName = LaunchScreen;
				INFOPLIST_KEY_UISupportedInterfaceOrientations_iPad = "UIInterfaceOrientationPortrait UIInterfaceOrientationPortraitUpsideDown UIInterfaceOrientationLandscapeLeft UIInterfaceOrientationLandscapeRight";
				INFOPLIST_KEY_UISupportedInterfaceOrientations_iPhone = "UIInterfaceOrientationPortrait UIInterfaceOrientationLandscapeLeft UIInterfaceOrientationLandscapeRight";
				LD_RUNPATH_SEARCH_PATHS = (
					"$(inherited)",
					"@executable_path/Frameworks",
				);
				MARKETING_VERSION = 1.0;
				PRODUCT_BUNDLE_IDENTIFIER = com.florianldt.RxDataSourcesIdentifiableType;
				PRODUCT_NAME = "$(TARGET_NAME)";
				SWIFT_EMIT_LOC_STRINGS = YES;
				SWIFT_VERSION = 5.0;
				TARGETED_DEVICE_FAMILY = "1,2";
			};
			name = Release;
		};
/* End XCBuildConfiguration section */

/* Begin XCConfigurationList section */
		17943F92291A209900100A0C /* Build configuration list for PBXProject "RxDataSourcesIdentifiableType" */ = {
			isa = XCConfigurationList;
			buildConfigurations = (
				17943FA9291A209A00100A0C /* Debug */,
				17943FAA291A209A00100A0C /* Release */,
			);
			defaultConfigurationIsVisible = 0;
			defaultConfigurationName = Release;
		};
		17943FAB291A209A00100A0C /* Build configuration list for PBXNativeTarget "RxDataSourcesIdentifiableType" */ = {
			isa = XCConfigurationList;
			buildConfigurations = (
				17943FAC291A209A00100A0C /* Debug */,
				17943FAD291A209A00100A0C /* Release */,
			);
			defaultConfigurationIsVisible = 0;
			defaultConfigurationName = Release;
		};
/* End XCConfigurationList section */

/* Begin XCRemoteSwiftPackageReference section */
		17943FAE291A2B7000100A0C /* XCRemoteSwiftPackageReference "RxSwift" */ = {
			isa = XCRemoteSwiftPackageReference;
			repositoryURL = "https://github.com/ReactiveX/RxSwift.git";
			requirement = {
				branch = main;
				kind = branch;
			};
		};
		17943FB5291A2BA200100A0C /* XCRemoteSwiftPackageReference "RxDataSources" */ = {
			isa = XCRemoteSwiftPackageReference;
			repositoryURL = "https://github.com/RxSwiftCommunity/RxDataSources";
			requirement = {
				branch = main;
				kind = branch;
			};
		};
/* End XCRemoteSwiftPackageReference section */

/* Begin XCSwiftPackageProductDependency section */
		17943FAF291A2B7000100A0C /* RxCocoa */ = {
			isa = XCSwiftPackageProductDependency;
			package = 17943FAE291A2B7000100A0C /* XCRemoteSwiftPackageReference "RxSwift" */;
			productName = RxCocoa;
		};
		17943FB1291A2B7000100A0C /* RxRelay */ = {
			isa = XCSwiftPackageProductDependency;
			package = 17943FAE291A2B7000100A0C /* XCRemoteSwiftPackageReference "RxSwift" */;
			productName = RxRelay;
		};
		17943FB3291A2B7000100A0C /* RxSwift */ = {
			isa = XCSwiftPackageProductDependency;
			package = 17943FAE291A2B7000100A0C /* XCRemoteSwiftPackageReference "RxSwift" */;
			productName = RxSwift;
		};
		17943FB6291A2BA200100A0C /* RxDataSources */ = {
			isa = XCSwiftPackageProductDependency;
			package = 17943FB5291A2BA200100A0C /* XCRemoteSwiftPackageReference "RxDataSources" */;
			productName = RxDataSources;
		};
/* End XCSwiftPackageProductDependency section */
	};
	rootObject = 17943F8F291A209900100A0C /* Project object */;
}
